
Microsoft Visual Studio Solution File, Format Version 12.00
# Visual Studio Version 17
VisualStudioVersion = 17.9.34622.214
MinimumVisualStudioVersion = 10.0.40219.1
Project("{FAE04EC0-301F-11D3-BF4B-00C04F79EFBC}") = "InternationalBookshop", "InternationalBookshop\InternationalBookshop.csproj", "{A5F50D8F-8FF8-4646-9544-C77714DB710C}"
EndProject
Global
	GlobalSection(SolutionConfigurationPlatforms) = preSolution
		Debug|Any CPU = Debug|Any CPU
		Release|Any CPU = Release|Any CPU
	EndGlobalSection
	GlobalSection(ProjectConfigurationPlatforms) = postSolution
		{A5F50D8F-8FF8-4646-9544-C77714DB710C}.Debug|Any CPU.ActiveCfg = Debug|Any CPU
		{A5F50D8F-8FF8-4646-9544-C77714DB710C}.Debug|Any CPU.Build.0 = Debug|Any CPU
		{A5F50D8F-8FF8-4646-9544-C77714DB710C}.Release|Any CPU.ActiveCfg = Release|Any CPU
		{A5F50D8F-8FF8-4646-9544-C77714DB710C}.Release|Any CPU.Build.0 = Release|Any CPU
	EndGlobalSection
	GlobalSection(SolutionProperties) = preSolution
		HideSolutionNode = FALSE
	EndGlobalSection
	GlobalSection(ExtensibilityGlobals) = postSolution
		SolutionGuid = {D0CFD1C3-CA19-4D8C-8CF4-69179AB74512}
	EndGlobalSection
EndGlobal
